// !$*UTF8*$!
{
	archiveVersion = 1;
	classes = {
	};
	objectVersion = 50;
	objects = {

/* Begin PBXBuildFile section */
		315C962526580D4F00001B5C /* XibaarApp.swift in Sources */ = {isa = PBXBuildFile; fileRef = 315C961226580D4D00001B5C /* XibaarApp.swift */; };
		315C962626580D4F00001B5C /* XibaarApp.swift in Sources */ = {isa = PBXBuildFile; fileRef = 315C961226580D4D00001B5C /* XibaarApp.swift */; };
		315C962726580D4F00001B5C /* ContentView.swift in Sources */ = {isa = PBXBuildFile; fileRef = 315C961326580D4D00001B5C /* ContentView.swift */; };
		315C962826580D4F00001B5C /* ContentView.swift in Sources */ = {isa = PBXBuildFile; fileRef = 315C961326580D4D00001B5C /* ContentView.swift */; };
		315C962926580D4F00001B5C /* Assets.xcassets in Resources */ = {isa = PBXBuildFile; fileRef = 315C961426580D4F00001B5C /* Assets.xcassets */; };
		315C962A26580D4F00001B5C /* Assets.xcassets in Resources */ = {isa = PBXBuildFile; fileRef = 315C961426580D4F00001B5C /* Assets.xcassets */; };
		315C96372658216B00001B5C /* news.json in Resources */ = {isa = PBXBuildFile; fileRef = 315C96362658216B00001B5C /* news.json */; };
		315C96382658216B00001B5C /* news.json in Resources */ = {isa = PBXBuildFile; fileRef = 315C96362658216B00001B5C /* news.json */; };
		315C963F2658289600001B5C /* News.swift in Sources */ = {isa = PBXBuildFile; fileRef = 315C963E2658289600001B5C /* News.swift */; };
		315C96402658289600001B5C /* News.swift in Sources */ = {isa = PBXBuildFile; fileRef = 315C963E2658289600001B5C /* News.swift */; };
		315C9643265941AE00001B5C /* NewsRepository.swift in Sources */ = {isa = PBXBuildFile; fileRef = 315C9642265941AE00001B5C /* NewsRepository.swift */; };
		315C9644265941AE00001B5C /* NewsRepository.swift in Sources */ = {isa = PBXBuildFile; fileRef = 315C9642265941AE00001B5C /* NewsRepository.swift */; };
		315C96472659421900001B5C /* Failure.swift in Sources */ = {isa = PBXBuildFile; fileRef = 315C96462659421900001B5C /* Failure.swift */; };
		315C96482659421900001B5C /* Failure.swift in Sources */ = {isa = PBXBuildFile; fileRef = 315C96462659421900001B5C /* Failure.swift */; };
		315C964B2659427200001B5C /* GetNewsListUseCase.swift in Sources */ = {isa = PBXBuildFile; fileRef = 315C964A2659427200001B5C /* GetNewsListUseCase.swift */; };
		315C964C2659427200001B5C /* GetNewsListUseCase.swift in Sources */ = {isa = PBXBuildFile; fileRef = 315C964A2659427200001B5C /* GetNewsListUseCase.swift */; };
		315C9652265943E000001B5C /* NewsListDataSource.swift in Sources */ = {isa = PBXBuildFile; fileRef = 315C9651265943E000001B5C /* NewsListDataSource.swift */; };
		315C9653265943E000001B5C /* NewsListDataSource.swift in Sources */ = {isa = PBXBuildFile; fileRef = 315C9651265943E000001B5C /* NewsListDataSource.swift */; };
		315C9655265945CC00001B5C /* Helper.swift in Sources */ = {isa = PBXBuildFile; fileRef = 315C9654265945CC00001B5C /* Helper.swift */; };
		315C9656265945CC00001B5C /* Helper.swift in Sources */ = {isa = PBXBuildFile; fileRef = 315C9654265945CC00001B5C /* Helper.swift */; };
		315C965B26594E3800001B5C /* NewsRowView.swift in Sources */ = {isa = PBXBuildFile; fileRef = 315C965A26594E3800001B5C /* NewsRowView.swift */; };
		315C965C26594E3800001B5C /* NewsRowView.swift in Sources */ = {isa = PBXBuildFile; fileRef = 315C965A26594E3800001B5C /* NewsRowView.swift */; };
		315C965E26594E5E00001B5C /* NewsListView.swift in Sources */ = {isa = PBXBuildFile; fileRef = 315C965D26594E5E00001B5C /* NewsListView.swift */; };
		315C965F26594E5E00001B5C /* NewsListView.swift in Sources */ = {isa = PBXBuildFile; fileRef = 315C965D26594E5E00001B5C /* NewsListView.swift */; };
		315C966126595CBC00001B5C /* RoundedCorners.swift in Sources */ = {isa = PBXBuildFile; fileRef = 315C966026595CBC00001B5C /* RoundedCorners.swift */; };
		315C966226595CBC00001B5C /* RoundedCorners.swift in Sources */ = {isa = PBXBuildFile; fileRef = 315C966026595CBC00001B5C /* RoundedCorners.swift */; };
		315C966426598B5800001B5C /* RemoteImage.swift in Sources */ = {isa = PBXBuildFile; fileRef = 315C966326598B5800001B5C /* RemoteImage.swift */; };
		315C966526598B5800001B5C /* RemoteImage.swift in Sources */ = {isa = PBXBuildFile; fileRef = 315C966326598B5800001B5C /* RemoteImage.swift */; };
		315C966726598E1F00001B5C /* NewsViewModel.swift in Sources */ = {isa = PBXBuildFile; fileRef = 315C966626598E1F00001B5C /* NewsViewModel.swift */; };
		315C966826598E1F00001B5C /* NewsViewModel.swift in Sources */ = {isa = PBXBuildFile; fileRef = 315C966626598E1F00001B5C /* NewsViewModel.swift */; };
		315C966A2659C0E800001B5C /* ArticleDetailView.swift in Sources */ = {isa = PBXBuildFile; fileRef = 315C96692659C0E800001B5C /* ArticleDetailView.swift */; };
		315C966B2659C0E800001B5C /* ArticleDetailView.swift in Sources */ = {isa = PBXBuildFile; fileRef = 315C96692659C0E800001B5C /* ArticleDetailView.swift */; };
		315C966D2659C6FB00001B5C /* CommentRowView.swift in Sources */ = {isa = PBXBuildFile; fileRef = 315C966C2659C6FA00001B5C /* CommentRowView.swift */; };
		315C966E2659C6FB00001B5C /* CommentRowView.swift in Sources */ = {isa = PBXBuildFile; fileRef = 315C966C2659C6FA00001B5C /* CommentRowView.swift */; };
		315C96732659DE6F00001B5C /* WebViewModel.swift in Sources */ = {isa = PBXBuildFile; fileRef = 315C96722659DE6F00001B5C /* WebViewModel.swift */; };
		315C96742659DE6F00001B5C /* WebViewModel.swift in Sources */ = {isa = PBXBuildFile; fileRef = 315C96722659DE6F00001B5C /* WebViewModel.swift */; };
		315C96772659DEB700001B5C /* WebViewContainer.swift in Sources */ = {isa = PBXBuildFile; fileRef = 315C96762659DEB700001B5C /* WebViewContainer.swift */; };
		315C96782659DEB700001B5C /* WebViewContainer.swift in Sources */ = {isa = PBXBuildFile; fileRef = 315C96762659DEB700001B5C /* WebViewContainer.swift */; };
		315C967A2659DEEE00001B5C /* WebViewCoordinator.swift in Sources */ = {isa = PBXBuildFile; fileRef = 315C96792659DEEE00001B5C /* WebViewCoordinator.swift */; };
		315C967B2659DEEE00001B5C /* WebViewCoordinator.swift in Sources */ = {isa = PBXBuildFile; fileRef = 315C96792659DEEE00001B5C /* WebViewCoordinator.swift */; };
		315C96802659E57900001B5C /* WebViewContent.swift in Sources */ = {isa = PBXBuildFile; fileRef = 315C967F2659E57900001B5C /* WebViewContent.swift */; };
		315C96812659E57900001B5C /* WebViewContent.swift in Sources */ = {isa = PBXBuildFile; fileRef = 315C967F2659E57900001B5C /* WebViewContent.swift */; };
/* End PBXBuildFile section */

/* Begin PBXFileReference section */
		315C961226580D4D00001B5C /* XibaarApp.swift */ = {isa = PBXFileReference; lastKnownFileType = sourcecode.swift; path = XibaarApp.swift; sourceTree = "<group>"; };
		315C961326580D4D00001B5C /* ContentView.swift */ = {isa = PBXFileReference; lastKnownFileType = sourcecode.swift; path = ContentView.swift; sourceTree = "<group>"; };
		315C961426580D4F00001B5C /* Assets.xcassets */ = {isa = PBXFileReference; lastKnownFileType = folder.assetcatalog; path = Assets.xcassets; sourceTree = "<group>"; };
		315C961926580D4F00001B5C /* Xibaar.app */ = {isa = PBXFileReference; explicitFileType = wrapper.application; includeInIndex = 0; path = Xibaar.app; sourceTree = BUILT_PRODUCTS_DIR; };
		315C961C26580D4F00001B5C /* Info.plist */ = {isa = PBXFileReference; lastKnownFileType = text.plist.xml; path = Info.plist; sourceTree = "<group>"; };
		315C962126580D4F00001B5C /* Xibaar.app */ = {isa = PBXFileReference; explicitFileType = wrapper.application; includeInIndex = 0; path = Xibaar.app; sourceTree = BUILT_PRODUCTS_DIR; };
		315C962326580D4F00001B5C /* Info.plist */ = {isa = PBXFileReference; lastKnownFileType = text.plist.xml; path = Info.plist; sourceTree = "<group>"; };
		315C962426580D4F00001B5C /* macOS.entitlements */ = {isa = PBXFileReference; lastKnownFileType = text.plist.entitlements; path = macOS.entitlements; sourceTree = "<group>"; };
		315C96362658216B00001B5C /* news.json */ = {isa = PBXFileReference; lastKnownFileType = text.json; path = news.json; sourceTree = "<group>"; };
		315C963E2658289600001B5C /* News.swift */ = {isa = PBXFileReference; lastKnownFileType = sourcecode.swift; path = News.swift; sourceTree = "<group>"; };
		315C9642265941AE00001B5C /* NewsRepository.swift */ = {isa = PBXFileReference; lastKnownFileType = sourcecode.swift; path = NewsRepository.swift; sourceTree = "<group>"; };
		315C96462659421900001B5C /* Failure.swift */ = {isa = PBXFileReference; lastKnownFileType = sourcecode.swift; path = Failure.swift; sourceTree = "<group>"; };
		315C964A2659427200001B5C /* GetNewsListUseCase.swift */ = {isa = PBXFileReference; lastKnownFileType = sourcecode.swift; path = GetNewsListUseCase.swift; sourceTree = "<group>"; };
		315C9651265943E000001B5C /* NewsListDataSource.swift */ = {isa = PBXFileReference; lastKnownFileType = sourcecode.swift; path = NewsListDataSource.swift; sourceTree = "<group>"; };
		315C9654265945CC00001B5C /* Helper.swift */ = {isa = PBXFileReference; lastKnownFileType = sourcecode.swift; path = Helper.swift; sourceTree = "<group>"; };
		315C965A26594E3800001B5C /* NewsRowView.swift */ = {isa = PBXFileReference; lastKnownFileType = sourcecode.swift; path = NewsRowView.swift; sourceTree = "<group>"; };
		315C965D26594E5E00001B5C /* NewsListView.swift */ = {isa = PBXFileReference; lastKnownFileType = sourcecode.swift; path = NewsListView.swift; sourceTree = "<group>"; };
		315C966026595CBC00001B5C /* RoundedCorners.swift */ = {isa = PBXFileReference; lastKnownFileType = sourcecode.swift; path = RoundedCorners.swift; sourceTree = "<group>"; };
		315C966326598B5800001B5C /* RemoteImage.swift */ = {isa = PBXFileReference; lastKnownFileType = sourcecode.swift; path = RemoteImage.swift; sourceTree = "<group>"; };
		315C966626598E1F00001B5C /* NewsViewModel.swift */ = {isa = PBXFileReference; lastKnownFileType = sourcecode.swift; path = NewsViewModel.swift; sourceTree = "<group>"; };
		315C96692659C0E800001B5C /* ArticleDetailView.swift */ = {isa = PBXFileReference; lastKnownFileType = sourcecode.swift; path = ArticleDetailView.swift; sourceTree = "<group>"; };
		315C966C2659C6FA00001B5C /* CommentRowView.swift */ = {isa = PBXFileReference; lastKnownFileType = sourcecode.swift; path = CommentRowView.swift; sourceTree = "<group>"; };
		315C96722659DE6F00001B5C /* WebViewModel.swift */ = {isa = PBXFileReference; lastKnownFileType = sourcecode.swift; path = WebViewModel.swift; sourceTree = "<group>"; };
		315C96762659DEB700001B5C /* WebViewContainer.swift */ = {isa = PBXFileReference; lastKnownFileType = sourcecode.swift; path = WebViewContainer.swift; sourceTree = "<group>"; };
		315C96792659DEEE00001B5C /* WebViewCoordinator.swift */ = {isa = PBXFileReference; lastKnownFileType = sourcecode.swift; path = WebViewCoordinator.swift; sourceTree = "<group>"; };
		315C967F2659E57900001B5C /* WebViewContent.swift */ = {isa = PBXFileReference; lastKnownFileType = sourcecode.swift; path = WebViewContent.swift; sourceTree = "<group>"; };
/* End PBXFileReference section */

/* Begin PBXFrameworksBuildPhase section */
		315C961626580D4F00001B5C /* Frameworks */ = {
			isa = PBXFrameworksBuildPhase;
			buildActionMask = 2147483647;
			files = (
			);
			runOnlyForDeploymentPostprocessing = 0;
		};
		315C961E26580D4F00001B5C /* Frameworks */ = {
			isa = PBXFrameworksBuildPhase;
			buildActionMask = 2147483647;
			files = (
			);
			runOnlyForDeploymentPostprocessing = 0;
		};
/* End PBXFrameworksBuildPhase section */

/* Begin PBXGroup section */
		315C960C26580D4D00001B5C = {
			isa = PBXGroup;
			children = (
				315C961126580D4D00001B5C /* Shared */,
				315C961B26580D4F00001B5C /* iOS */,
				315C962226580D4F00001B5C /* macOS */,
				315C961A26580D4F00001B5C /* Products */,
			);
			sourceTree = "<group>";
		};
		315C961126580D4D00001B5C /* Shared */ = {
			isa = PBXGroup;
			children = (
				315C963B2658281100001B5C /* Core */,
				315C9639265827E700001B5C /* Features */,
				315C961226580D4D00001B5C /* XibaarApp.swift */,
				315C961326580D4D00001B5C /* ContentView.swift */,
				315C961426580D4F00001B5C /* Assets.xcassets */,
			);
			path = Shared;
			sourceTree = "<group>";
		};
		315C961A26580D4F00001B5C /* Products */ = {
			isa = PBXGroup;
			children = (
				315C961926580D4F00001B5C /* Xibaar.app */,
				315C962126580D4F00001B5C /* Xibaar.app */,
			);
			name = Products;
			sourceTree = "<group>";
		};
		315C961B26580D4F00001B5C /* iOS */ = {
			isa = PBXGroup;
			children = (
				315C96572659464B00001B5C /* Presentation */,
				315C961C26580D4F00001B5C /* Info.plist */,
			);
			path = iOS;
			sourceTree = "<group>";
		};
		315C962226580D4F00001B5C /* macOS */ = {
			isa = PBXGroup;
			children = (
				315C962326580D4F00001B5C /* Info.plist */,
				315C962426580D4F00001B5C /* macOS.entitlements */,
			);
			path = macOS;
			sourceTree = "<group>";
		};
		315C9639265827E700001B5C /* Features */ = {
			isa = PBXGroup;
			children = (
				315C963A2658280900001B5C /* Xibaar */,
			);
			path = Features;
			sourceTree = "<group>";
		};
		315C963A2658280900001B5C /* Xibaar */ = {
			isa = PBXGroup;
			children = (
				315C964D265942FD00001B5C /* Data */,
				315C963D2658286C00001B5C /* Domain */,
			);
			path = Xibaar;
			sourceTree = "<group>";
		};
		315C963B2658281100001B5C /* Core */ = {
			isa = PBXGroup;
			children = (
				315C96752659DE8E00001B5C /* WebView */,
				315C96362658216B00001B5C /* news.json */,
				315C96452659420D00001B5C /* Error */,
				315C9654265945CC00001B5C /* Helper.swift */,
				315C966026595CBC00001B5C /* RoundedCorners.swift */,
				315C966326598B5800001B5C /* RemoteImage.swift */,
			);
			path = Core;
			sourceTree = "<group>";
		};
		315C963C2658283200001B5C /* Entities */ = {
			isa = PBXGroup;
			children = (
				315C963E2658289600001B5C /* News.swift */,
			);
			path = Entities;
			sourceTree = "<group>";
		};
		315C963D2658286C00001B5C /* Domain */ = {
			isa = PBXGroup;
			children = (
				315C96492659424C00001B5C /* Use Cases */,
				315C96412659415800001B5C /* Repositories */,
				315C963C2658283200001B5C /* Entities */,
			);
			path = Domain;
			sourceTree = "<group>";
		};
		315C96412659415800001B5C /* Repositories */ = {
			isa = PBXGroup;
			children = (
				315C9642265941AE00001B5C /* NewsRepository.swift */,
			);
			path = Repositories;
			sourceTree = "<group>";
		};
		315C96452659420D00001B5C /* Error */ = {
			isa = PBXGroup;
			children = (
				315C96462659421900001B5C /* Failure.swift */,
			);
			path = Error;
			sourceTree = "<group>";
		};
		315C96492659424C00001B5C /* Use Cases */ = {
			isa = PBXGroup;
			children = (
				315C964A2659427200001B5C /* GetNewsListUseCase.swift */,
			);
			path = "Use Cases";
			sourceTree = "<group>";
		};
		315C964D265942FD00001B5C /* Data */ = {
			isa = PBXGroup;
			children = (
				315C96502659439A00001B5C /* Data Sources */,
				315C964F2659436200001B5C /* Data Models */,
			);
			path = Data;
			sourceTree = "<group>";
		};
		315C964F2659436200001B5C /* Data Models */ = {
			isa = PBXGroup;
			children = (
			);
			path = "Data Models";
			sourceTree = "<group>";
		};
		315C96502659439A00001B5C /* Data Sources */ = {
			isa = PBXGroup;
			children = (
				315C9651265943E000001B5C /* NewsListDataSource.swift */,
			);
			path = "Data Sources";
			sourceTree = "<group>";
		};
		315C96572659464B00001B5C /* Presentation */ = {
			isa = PBXGroup;
			children = (
				315C965926594A4900001B5C /* View */,
				315C965826594A4200001B5C /* ViewModel */,
			);
			path = Presentation;
			sourceTree = "<group>";
		};
		315C965826594A4200001B5C /* ViewModel */ = {
			isa = PBXGroup;
			children = (
				315C966626598E1F00001B5C /* NewsViewModel.swift */,
			);
			path = ViewModel;
			sourceTree = "<group>";
		};
		315C965926594A4900001B5C /* View */ = {
			isa = PBXGroup;
			children = (
				315C965A26594E3800001B5C /* NewsRowView.swift */,
				315C965D26594E5E00001B5C /* NewsListView.swift */,
				315C96692659C0E800001B5C /* ArticleDetailView.swift */,
				315C966C2659C6FA00001B5C /* CommentRowView.swift */,
			);
			path = View;
			sourceTree = "<group>";
		};
		315C96752659DE8E00001B5C /* WebView */ = {
			isa = PBXGroup;
			children = (
				315C96722659DE6F00001B5C /* WebViewModel.swift */,
				315C96762659DEB700001B5C /* WebViewContainer.swift */,
				315C96792659DEEE00001B5C /* WebViewCoordinator.swift */,
				315C967F2659E57900001B5C /* WebViewContent.swift */,
			);
			path = WebView;
			sourceTree = "<group>";
		};
/* End PBXGroup section */

/* Begin PBXNativeTarget section */
		315C961826580D4F00001B5C /* Xibaar (iOS) */ = {
			isa = PBXNativeTarget;
			buildConfigurationList = 315C962D26580D4F00001B5C /* Build configuration list for PBXNativeTarget "Xibaar (iOS)" */;
			buildPhases = (
				315C961526580D4F00001B5C /* Sources */,
				315C961626580D4F00001B5C /* Frameworks */,
				315C961726580D4F00001B5C /* Resources */,
			);
			buildRules = (
			);
			dependencies = (
			);
			name = "Xibaar (iOS)";
			productName = "Xibaar (iOS)";
			productReference = 315C961926580D4F00001B5C /* Xibaar.app */;
			productType = "com.apple.product-type.application";
		};
		315C962026580D4F00001B5C /* Xibaar (macOS) */ = {
			isa = PBXNativeTarget;
			buildConfigurationList = 315C963026580D4F00001B5C /* Build configuration list for PBXNativeTarget "Xibaar (macOS)" */;
			buildPhases = (
				315C961D26580D4F00001B5C /* Sources */,
				315C961E26580D4F00001B5C /* Frameworks */,
				315C961F26580D4F00001B5C /* Resources */,
			);
			buildRules = (
			);
			dependencies = (
			);
			name = "Xibaar (macOS)";
			productName = "Xibaar (macOS)";
			productReference = 315C962126580D4F00001B5C /* Xibaar.app */;
			productType = "com.apple.product-type.application";
		};
/* End PBXNativeTarget section */

/* Begin PBXProject section */
		315C960D26580D4D00001B5C /* Project object */ = {
			isa = PBXProject;
			attributes = {
				LastSwiftUpdateCheck = 1250;
				LastUpgradeCheck = 1250;
				TargetAttributes = {
					315C961826580D4F00001B5C = {
						CreatedOnToolsVersion = 12.5;
					};
					315C962026580D4F00001B5C = {
						CreatedOnToolsVersion = 12.5;
					};
				};
			};
			buildConfigurationList = 315C961026580D4D00001B5C /* Build configuration list for PBXProject "Xibaar" */;
			compatibilityVersion = "Xcode 9.3";
			developmentRegion = en;
			hasScannedForEncodings = 0;
			knownRegions = (
				en,
				Base,
			);
			mainGroup = 315C960C26580D4D00001B5C;
			productRefGroup = 315C961A26580D4F00001B5C /* Products */;
			projectDirPath = "";
			projectRoot = "";
			targets = (
				315C961826580D4F00001B5C /* Xibaar (iOS) */,
				315C962026580D4F00001B5C /* Xibaar (macOS) */,
			);
		};
/* End PBXProject section */

/* Begin PBXResourcesBuildPhase section */
		315C961726580D4F00001B5C /* Resources */ = {
			isa = PBXResourcesBuildPhase;
			buildActionMask = 2147483647;
			files = (
				315C96372658216B00001B5C /* news.json in Resources */,
				315C962926580D4F00001B5C /* Assets.xcassets in Resources */,
			);
			runOnlyForDeploymentPostprocessing = 0;
		};
		315C961F26580D4F00001B5C /* Resources */ = {
			isa = PBXResourcesBuildPhase;
			buildActionMask = 2147483647;
			files = (
				315C96382658216B00001B5C /* news.json in Resources */,
				315C962A26580D4F00001B5C /* Assets.xcassets in Resources */,
			);
			runOnlyForDeploymentPostprocessing = 0;
		};
/* End PBXResourcesBuildPhase section */

/* Begin PBXSourcesBuildPhase section */
		315C961526580D4F00001B5C /* Sources */ = {
			isa = PBXSourcesBuildPhase;
			buildActionMask = 2147483647;
			files = (
				315C967A2659DEEE00001B5C /* WebViewCoordinator.swift in Sources */,
				315C966126595CBC00001B5C /* RoundedCorners.swift in Sources */,
				315C96472659421900001B5C /* Failure.swift in Sources */,
				315C96732659DE6F00001B5C /* WebViewModel.swift in Sources */,
				315C9643265941AE00001B5C /* NewsRepository.swift in Sources */,
				315C96802659E57900001B5C /* WebViewContent.swift in Sources */,
				315C966426598B5800001B5C /* RemoteImage.swift in Sources */,
				315C9652265943E000001B5C /* NewsListDataSource.swift in Sources */,
				315C965B26594E3800001B5C /* NewsRowView.swift in Sources */,
				315C963F2658289600001B5C /* News.swift in Sources */,
				315C964B2659427200001B5C /* GetNewsListUseCase.swift in Sources */,
				315C962726580D4F00001B5C /* ContentView.swift in Sources */,
				315C966D2659C6FB00001B5C /* CommentRowView.swift in Sources */,
				315C965E26594E5E00001B5C /* NewsListView.swift in Sources */,
				315C96772659DEB700001B5C /* WebViewContainer.swift in Sources */,
				315C966A2659C0E800001B5C /* ArticleDetailView.swift in Sources */,
				315C966726598E1F00001B5C /* NewsViewModel.swift in Sources */,
				315C962526580D4F00001B5C /* XibaarApp.swift in Sources */,
				315C9655265945CC00001B5C /* Helper.swift in Sources */,
			);
			runOnlyForDeploymentPostprocessing = 0;
		};
		315C961D26580D4F00001B5C /* Sources */ = {
			isa = PBXSourcesBuildPhase;
			buildActionMask = 2147483647;
			files = (
				315C967B2659DEEE00001B5C /* WebViewCoordinator.swift in Sources */,
				315C966226595CBC00001B5C /* RoundedCorners.swift in Sources */,
				315C96482659421900001B5C /* Failure.swift in Sources */,
				315C96742659DE6F00001B5C /* WebViewModel.swift in Sources */,
				315C9644265941AE00001B5C /* NewsRepository.swift in Sources */,
				315C96812659E57900001B5C /* WebViewContent.swift in Sources */,
				315C966526598B5800001B5C /* RemoteImage.swift in Sources */,
				315C9653265943E000001B5C /* NewsListDataSource.swift in Sources */,
				315C965C26594E3800001B5C /* NewsRowView.swift in Sources */,
				315C96402658289600001B5C /* News.swift in Sources */,
				315C964C2659427200001B5C /* GetNewsListUseCase.swift in Sources */,
				315C962826580D4F00001B5C /* ContentView.swift in Sources */,
				315C966E2659C6FB00001B5C /* CommentRowView.swift in Sources */,
				315C965F26594E5E00001B5C /* NewsListView.swift in Sources */,
				315C96782659DEB700001B5C /* WebViewContainer.swift in Sources */,
				315C966B2659C0E800001B5C /* ArticleDetailView.swift in Sources */,
				315C966826598E1F00001B5C /* NewsViewModel.swift in Sources */,
				315C962626580D4F00001B5C /* XibaarApp.swift in Sources */,
				315C9656265945CC00001B5C /* Helper.swift in Sources */,
			);
			runOnlyForDeploymentPostprocessing = 0;
		};
/* End PBXSourcesBuildPhase section */

/* Begin XCBuildConfiguration section */
		315C962B26580D4F00001B5C /* Debug */ = {
			isa = XCBuildConfiguration;
			buildSettings = {
				ALWAYS_SEARCH_USER_PATHS = NO;
				CLANG_ANALYZER_NONNULL = YES;
				CLANG_ANALYZER_NUMBER_OBJECT_CONVERSION = YES_AGGRESSIVE;
				CLANG_CXX_LANGUAGE_STANDARD = "gnu++14";
				CLANG_CXX_LIBRARY = "libc++";
				CLANG_ENABLE_MODULES = YES;
				CLANG_ENABLE_OBJC_ARC = YES;
				CLANG_ENABLE_OBJC_WEAK = YES;
				CLANG_WARN_BLOCK_CAPTURE_AUTORELEASING = YES;
				CLANG_WARN_BOOL_CONVERSION = YES;
				CLANG_WARN_COMMA = YES;
				CLANG_WARN_CONSTANT_CONVERSION = YES;
				CLANG_WARN_DEPRECATED_OBJC_IMPLEMENTATIONS = YES;
				CLANG_WARN_DIRECT_OBJC_ISA_USAGE = YES_ERROR;
				CLANG_WARN_DOCUMENTATION_COMMENTS = YES;
				CLANG_WARN_EMPTY_BODY = YES;
				CLANG_WARN_ENUM_CONVERSION = YES;
				CLANG_WARN_INFINITE_RECURSION = YES;
				CLANG_WARN_INT_CONVERSION = YES;
				CLANG_WARN_NON_LITERAL_NULL_CONVERSION = YES;
				CLANG_WARN_OBJC_IMPLICIT_RETAIN_SELF = YES;
				CLANG_WARN_OBJC_LITERAL_CONVERSION = YES;
				CLANG_WARN_OBJC_ROOT_CLASS = YES_ERROR;
				CLANG_WARN_QUOTED_INCLUDE_IN_FRAMEWORK_HEADER = YES;
				CLANG_WARN_RANGE_LOOP_ANALYSIS = YES;
				CLANG_WARN_STRICT_PROTOTYPES = YES;
				CLANG_WARN_SUSPICIOUS_MOVE = YES;
				CLANG_WARN_UNGUARDED_AVAILABILITY = YES_AGGRESSIVE;
				CLANG_WARN_UNREACHABLE_CODE = YES;
				CLANG_WARN__DUPLICATE_METHOD_MATCH = YES;
				COPY_PHASE_STRIP = NO;
				DEBUG_INFORMATION_FORMAT = dwarf;
				ENABLE_STRICT_OBJC_MSGSEND = YES;
				ENABLE_TESTABILITY = YES;
				GCC_C_LANGUAGE_STANDARD = gnu11;
				GCC_DYNAMIC_NO_PIC = NO;
				GCC_NO_COMMON_BLOCKS = YES;
				GCC_OPTIMIZATION_LEVEL = 0;
				GCC_PREPROCESSOR_DEFINITIONS = (
					"DEBUG=1",
					"$(inherited)",
				);
				GCC_WARN_64_TO_32_BIT_CONVERSION = YES;
				GCC_WARN_ABOUT_RETURN_TYPE = YES_ERROR;
				GCC_WARN_UNDECLARED_SELECTOR = YES;
				GCC_WARN_UNINITIALIZED_AUTOS = YES_AGGRESSIVE;
				GCC_WARN_UNUSED_FUNCTION = YES;
				GCC_WARN_UNUSED_VARIABLE = YES;
				MTL_ENABLE_DEBUG_INFO = INCLUDE_SOURCE;
				MTL_FAST_MATH = YES;
				ONLY_ACTIVE_ARCH = YES;
				SWIFT_ACTIVE_COMPILATION_CONDITIONS = DEBUG;
				SWIFT_OPTIMIZATION_LEVEL = "-Onone";
			};
			name = Debug;
		};
		315C962C26580D4F00001B5C /* Release */ = {
			isa = XCBuildConfiguration;
			buildSettings = {
				ALWAYS_SEARCH_USER_PATHS = NO;
				CLANG_ANALYZER_NONNULL = YES;
				CLANG_ANALYZER_NUMBER_OBJECT_CONVERSION = YES_AGGRESSIVE;
				CLANG_CXX_LANGUAGE_STANDARD = "gnu++14";
				CLANG_CXX_LIBRARY = "libc++";
				CLANG_ENABLE_MODULES = YES;
				CLANG_ENABLE_OBJC_ARC = YES;
				CLANG_ENABLE_OBJC_WEAK = YES;
				CLANG_WARN_BLOCK_CAPTURE_AUTORELEASING = YES;
				CLANG_WARN_BOOL_CONVERSION = YES;
				CLANG_WARN_COMMA = YES;
				CLANG_WARN_CONSTANT_CONVERSION = YES;
				CLANG_WARN_DEPRECATED_OBJC_IMPLEMENTATIONS = YES;
				CLANG_WARN_DIRECT_OBJC_ISA_USAGE = YES_ERROR;
				CLANG_WARN_DOCUMENTATION_COMMENTS = YES;
				CLANG_WARN_EMPTY_BODY = YES;
				CLANG_WARN_ENUM_CONVERSION = YES;
				CLANG_WARN_INFINITE_RECURSION = YES;
				CLANG_WARN_INT_CONVERSION = YES;
				CLANG_WARN_NON_LITERAL_NULL_CONVERSION = YES;
				CLANG_WARN_OBJC_IMPLICIT_RETAIN_SELF = YES;
				CLANG_WARN_OBJC_LITERAL_CONVERSION = YES;
				CLANG_WARN_OBJC_ROOT_CLASS = YES_ERROR;
				CLANG_WARN_QUOTED_INCLUDE_IN_FRAMEWORK_HEADER = YES;
				CLANG_WARN_RANGE_LOOP_ANALYSIS = YES;
				CLANG_WARN_STRICT_PROTOTYPES = YES;
				CLANG_WARN_SUSPICIOUS_MOVE = YES;
				CLANG_WARN_UNGUARDED_AVAILABILITY = YES_AGGRESSIVE;
				CLANG_WARN_UNREACHABLE_CODE = YES;
				CLANG_WARN__DUPLICATE_METHOD_MATCH = YES;
				COPY_PHASE_STRIP = NO;
				DEBUG_INFORMATION_FORMAT = "dwarf-with-dsym";
				ENABLE_NS_ASSERTIONS = NO;
				ENABLE_STRICT_OBJC_MSGSEND = YES;
				GCC_C_LANGUAGE_STANDARD = gnu11;
				GCC_NO_COMMON_BLOCKS = YES;
				GCC_WARN_64_TO_32_BIT_CONVERSION = YES;
				GCC_WARN_ABOUT_RETURN_TYPE = YES_ERROR;
				GCC_WARN_UNDECLARED_SELECTOR = YES;
				GCC_WARN_UNINITIALIZED_AUTOS = YES_AGGRESSIVE;
				GCC_WARN_UNUSED_FUNCTION = YES;
				GCC_WARN_UNUSED_VARIABLE = YES;
				MTL_ENABLE_DEBUG_INFO = NO;
				MTL_FAST_MATH = YES;
				SWIFT_COMPILATION_MODE = wholemodule;
				SWIFT_OPTIMIZATION_LEVEL = "-O";
			};
			name = Release;
		};
		315C962E26580D4F00001B5C /* Debug */ = {
			isa = XCBuildConfiguration;
			buildSettings = {
				ASSETCATALOG_COMPILER_APPICON_NAME = AppIcon;
				ASSETCATALOG_COMPILER_GLOBAL_ACCENT_COLOR_NAME = AccentColor;
				CODE_SIGN_STYLE = Automatic;
				DEVELOPMENT_TEAM = 3PBAGT949Z;
				ENABLE_PREVIEWS = YES;
				INFOPLIST_FILE = iOS/Info.plist;
				IPHONEOS_DEPLOYMENT_TARGET = 14.0;
				LD_RUNPATH_SEARCH_PATHS = (
					"$(inherited)",
					"@executable_path/Frameworks",
				);
				PRODUCT_BUNDLE_IDENTIFIER = com.mooxalinsky.Xibaar;
				PRODUCT_NAME = Xibaar;
				SDKROOT = iphoneos;
				SWIFT_VERSION = 5.0;
				TARGETED_DEVICE_FAMILY = "1,2";
			};
			name = Debug;
		};
		315C962F26580D4F00001B5C /* Release */ = {
			isa = XCBuildConfiguration;
			buildSettings = {
				ASSETCATALOG_COMPILER_APPICON_NAME = AppIcon;
				ASSETCATALOG_COMPILER_GLOBAL_ACCENT_COLOR_NAME = AccentColor;
				CODE_SIGN_STYLE = Automatic;
				DEVELOPMENT_TEAM = 3PBAGT949Z;
				ENABLE_PREVIEWS = YES;
				INFOPLIST_FILE = iOS/Info.plist;
				IPHONEOS_DEPLOYMENT_TARGET = 14.0;
				LD_RUNPATH_SEARCH_PATHS = (
					"$(inherited)",
					"@executable_path/Frameworks",
				);
				PRODUCT_BUNDLE_IDENTIFIER = com.mooxalinsky.Xibaar;
				PRODUCT_NAME = Xibaar;
				SDKROOT = iphoneos;
				SWIFT_VERSION = 5.0;
				TARGETED_DEVICE_FAMILY = "1,2";
				VALIDATE_PRODUCT = YES;
			};
			name = Release;
		};
		315C963126580D4F00001B5C /* Debug */ = {
			isa = XCBuildConfiguration;
			buildSettings = {
				ASSETCATALOG_COMPILER_APPICON_NAME = AppIcon;
				ASSETCATALOG_COMPILER_GLOBAL_ACCENT_COLOR_NAME = AccentColor;
				CODE_SIGN_ENTITLEMENTS = macOS/macOS.entitlements;
				CODE_SIGN_STYLE = Automatic;
				COMBINE_HIDPI_IMAGES = YES;
				DEVELOPMENT_TEAM = 3PBAGT949Z;
				ENABLE_HARDENED_RUNTIME = YES;
				ENABLE_PREVIEWS = YES;
				INFOPLIST_FILE = macOS/Info.plist;
				LD_RUNPATH_SEARCH_PATHS = (
					"$(inherited)",
					"@executable_path/../Frameworks",
				);
				MACOSX_DEPLOYMENT_TARGET = 11.0;
				PRODUCT_BUNDLE_IDENTIFIER = com.mooxalinsky.Xibaar;
				PRODUCT_NAME = Xibaar;
				SDKROOT = macosx;
				SWIFT_VERSION = 5.0;
			};
			name = Debug;
		};
		315C963226580D4F00001B5C /* Release */ = {
			isa = XCBuildConfiguration;
			buildSettings = {
				ASSETCATALOG_COMPILER_APPICON_NAME = AppIcon;
				ASSETCATALOG_COMPILER_GLOBAL_ACCENT_COLOR_NAME = AccentColor;
				CODE_SIGN_ENTITLEMENTS = macOS/macOS.entitlements;
				CODE_SIGN_STYLE = Automatic;
				COMBINE_HIDPI_IMAGES = YES;
				DEVELOPMENT_TEAM = 3PBAGT949Z;
				ENABLE_HARDENED_RUNTIME = YES;
				ENABLE_PREVIEWS = YES;
				INFOPLIST_FILE = macOS/Info.plist;
				LD_RUNPATH_SEARCH_PATHS = (
					"$(inherited)",
					"@executable_path/../Frameworks",
				);
				MACOSX_DEPLOYMENT_TARGET = 11.0;
				PRODUCT_BUNDLE_IDENTIFIER = com.mooxalinsky.Xibaar;
				PRODUCT_NAME = Xibaar;
				SDKROOT = macosx;
				SWIFT_VERSION = 5.0;
			};
			name = Release;
		};
/* End XCBuildConfiguration section */

/* Begin XCConfigurationList section */
		315C961026580D4D00001B5C /* Build configuration list for PBXProject "Xibaar" */ = {
			isa = XCConfigurationList;
			buildConfigurations = (
				315C962B26580D4F00001B5C /* Debug */,
				315C962C26580D4F00001B5C /* Release */,
			);
			defaultConfigurationIsVisible = 0;
			defaultConfigurationName = Release;
		};
		315C962D26580D4F00001B5C /* Build configuration list for PBXNativeTarget "Xibaar (iOS)" */ = {
			isa = XCConfigurationList;
			buildConfigurations = (
				315C962E26580D4F00001B5C /* Debug */,
				315C962F26580D4F00001B5C /* Release */,
			);
			defaultConfigurationIsVisible = 0;
			defaultConfigurationName = Release;
		};
		315C963026580D4F00001B5C /* Build configuration list for PBXNativeTarget "Xibaar (macOS)" */ = {
			isa = XCConfigurationList;
			buildConfigurations = (
				315C963126580D4F00001B5C /* Debug */,
				315C963226580D4F00001B5C /* Release */,
			);
			defaultConfigurationIsVisible = 0;
			defaultConfigurationName = Release;
		};
/* End XCConfigurationList section */
	};
	rootObject = 315C960D26580D4D00001B5C /* Project object */;
}
